// !$*UTF8*$!
{
	archiveVersion = 1;
	classes = {
	};
	objectVersion = 50;
	objects = {

/* Begin PBXBuildFile section */
		A35B1120F0474384057E3C34 /* Pods_MJWallet.framework in Frameworks */ = {isa = PBXBuildFile; fileRef = 6C1CEC801A2EF5B65B7108A3 /* Pods_MJWallet.framework */; };
		E8F0C7172176663F0001AE60 /* AppDelegate.swift in Sources */ = {isa = PBXBuildFile; fileRef = E8F0C7162176663F0001AE60 /* AppDelegate.swift */; };
		E8F0C7192176663F0001AE60 /* ViewController.swift in Sources */ = {isa = PBXBuildFile; fileRef = E8F0C7182176663F0001AE60 /* ViewController.swift */; };
		E8F0C71C2176663F0001AE60 /* Main.storyboard in Resources */ = {isa = PBXBuildFile; fileRef = E8F0C71A2176663F0001AE60 /* Main.storyboard */; };
		E8F0C71E217666410001AE60 /* Assets.xcassets in Resources */ = {isa = PBXBuildFile; fileRef = E8F0C71D217666410001AE60 /* Assets.xcassets */; };
		E8F0C721217666410001AE60 /* LaunchScreen.storyboard in Resources */ = {isa = PBXBuildFile; fileRef = E8F0C71F217666410001AE60 /* LaunchScreen.storyboard */; };
		E8F0C72921769BCF0001AE60 /* Wallet.swift in Sources */ = {isa = PBXBuildFile; fileRef = E8F0C72821769BCF0001AE60 /* Wallet.swift */; };
/* End PBXBuildFile section */

/* Begin PBXFileReference section */
		00586D6EF016C8DD002607F2 /* Pods-MJWallet.release.xcconfig */ = {isa = PBXFileReference; includeInIndex = 1; lastKnownFileType = text.xcconfig; name = "Pods-MJWallet.release.xcconfig"; path = "Pods/Target Support Files/Pods-MJWallet/Pods-MJWallet.release.xcconfig"; sourceTree = "<group>"; };
		1DBCD70DF84AFC559111C66C /* Pods-MJWallet.debug.xcconfig */ = {isa = PBXFileReference; includeInIndex = 1; lastKnownFileType = text.xcconfig; name = "Pods-MJWallet.debug.xcconfig"; path = "Pods/Target Support Files/Pods-MJWallet/Pods-MJWallet.debug.xcconfig"; sourceTree = "<group>"; };
		6C1CEC801A2EF5B65B7108A3 /* Pods_MJWallet.framework */ = {isa = PBXFileReference; explicitFileType = wrapper.framework; includeInIndex = 0; path = Pods_MJWallet.framework; sourceTree = BUILT_PRODUCTS_DIR; };
		E8F0C7132176663F0001AE60 /* MJWallet.app */ = {isa = PBXFileReference; explicitFileType = wrapper.application; includeInIndex = 0; path = MJWallet.app; sourceTree = BUILT_PRODUCTS_DIR; };
		E8F0C7162176663F0001AE60 /* AppDelegate.swift */ = {isa = PBXFileReference; lastKnownFileType = sourcecode.swift; path = AppDelegate.swift; sourceTree = "<group>"; };
		E8F0C7182176663F0001AE60 /* ViewController.swift */ = {isa = PBXFileReference; lastKnownFileType = sourcecode.swift; path = ViewController.swift; sourceTree = "<group>"; };
		E8F0C71B2176663F0001AE60 /* Base */ = {isa = PBXFileReference; lastKnownFileType = file.storyboard; name = Base; path = Base.lproj/Main.storyboard; sourceTree = "<group>"; };
		E8F0C71D217666410001AE60 /* Assets.xcassets */ = {isa = PBXFileReference; lastKnownFileType = folder.assetcatalog; path = Assets.xcassets; sourceTree = "<group>"; };
		E8F0C720217666410001AE60 /* Base */ = {isa = PBXFileReference; lastKnownFileType = file.storyboard; name = Base; path = Base.lproj/LaunchScreen.storyboard; sourceTree = "<group>"; };
		E8F0C722217666410001AE60 /* Info.plist */ = {isa = PBXFileReference; lastKnownFileType = text.plist.xml; path = Info.plist; sourceTree = "<group>"; };
		E8F0C72821769BCF0001AE60 /* Wallet.swift */ = {isa = PBXFileReference; lastKnownFileType = sourcecode.swift; path = Wallet.swift; sourceTree = "<group>"; };
/* End PBXFileReference section */

/* Begin PBXFrameworksBuildPhase section */
		E8F0C7102176663F0001AE60 /* Frameworks */ = {
			isa = PBXFrameworksBuildPhase;
			buildActionMask = 2147483647;
			files = (
				A35B1120F0474384057E3C34 /* Pods_MJWallet.framework in Frameworks */,
			);
			runOnlyForDeploymentPostprocessing = 0;
		};
/* End PBXFrameworksBuildPhase section */

/* Begin PBXGroup section */
		B6CB8472E406230A117AD481 /* Pods */ = {
			isa = PBXGroup;
			children = (
				1DBCD70DF84AFC559111C66C /* Pods-MJWallet.debug.xcconfig */,
				00586D6EF016C8DD002607F2 /* Pods-MJWallet.release.xcconfig */,
			);
			name = Pods;
			sourceTree = "<group>";
		};
		E8F0C70A2176663F0001AE60 = {
			isa = PBXGroup;
			children = (
				E8F0C7152176663F0001AE60 /* MJWallet */,
				E8F0C7142176663F0001AE60 /* Products */,
				B6CB8472E406230A117AD481 /* Pods */,
				EBDEA494671CC946C5A3AA27 /* Frameworks */,
			);
			sourceTree = "<group>";
		};
		E8F0C7142176663F0001AE60 /* Products */ = {
			isa = PBXGroup;
			children = (
				E8F0C7132176663F0001AE60 /* MJWallet.app */,
			);
			name = Products;
			sourceTree = "<group>";
		};
		E8F0C7152176663F0001AE60 /* MJWallet */ = {
			isa = PBXGroup;
			children = (
				E8F0C7162176663F0001AE60 /* AppDelegate.swift */,
				E8F0C7182176663F0001AE60 /* ViewController.swift */,
				E8F0C71A2176663F0001AE60 /* Main.storyboard */,
				E8F0C71D217666410001AE60 /* Assets.xcassets */,
				E8F0C71F217666410001AE60 /* LaunchScreen.storyboard */,
				E8F0C722217666410001AE60 /* Info.plist */,
				E8F0C72821769BCF0001AE60 /* Wallet.swift */,
			);
			path = MJWallet;
			sourceTree = "<group>";
		};
		EBDEA494671CC946C5A3AA27 /* Frameworks */ = {
			isa = PBXGroup;
			children = (
				6C1CEC801A2EF5B65B7108A3 /* Pods_MJWallet.framework */,
			);
			name = Frameworks;
			sourceTree = "<group>";
		};
/* End PBXGroup section */

/* Begin PBXNativeTarget section */
		E8F0C7122176663F0001AE60 /* MJWallet */ = {
			isa = PBXNativeTarget;
			buildConfigurationList = E8F0C725217666410001AE60 /* Build configuration list for PBXNativeTarget "MJWallet" */;
			buildPhases = (
				83AFFE6C7F9E65FF56515094 /* [CP] Check Pods Manifest.lock */,
				E8F0C70F2176663F0001AE60 /* Sources */,
				E8F0C7102176663F0001AE60 /* Frameworks */,
				E8F0C7112176663F0001AE60 /* Resources */,
				B8252FBBE02A60B1CB4864AE /* [CP] Embed Pods Frameworks */,
			);
			buildRules = (
			);
			dependencies = (
			);
			name = MJWallet;
			productName = MJWallet;
			productReference = E8F0C7132176663F0001AE60 /* MJWallet.app */;
			productType = "com.apple.product-type.application";
		};
/* End PBXNativeTarget section */

/* Begin PBXProject section */
		E8F0C70B2176663F0001AE60 /* Project object */ = {
			isa = PBXProject;
			attributes = {
				LastSwiftUpdateCheck = 1000;
				LastUpgradeCheck = 1000;
				ORGANIZATIONNAME = "APPLE DEVELOPER ACADEMY";
				TargetAttributes = {
					E8F0C7122176663F0001AE60 = {
						CreatedOnToolsVersion = 10.0;
					};
				};
			};
			buildConfigurationList = E8F0C70E2176663F0001AE60 /* Build configuration list for PBXProject "MJWallet" */;
			compatibilityVersion = "Xcode 9.3";
			developmentRegion = en;
			hasScannedForEncodings = 0;
			knownRegions = (
				en,
				Base,
			);
			mainGroup = E8F0C70A2176663F0001AE60;
			productRefGroup = E8F0C7142176663F0001AE60 /* Products */;
			projectDirPath = "";
			projectRoot = "";
			targets = (
				E8F0C7122176663F0001AE60 /* MJWallet */,
			);
		};
/* End PBXProject section */

/* Begin PBXResourcesBuildPhase section */
		E8F0C7112176663F0001AE60 /* Resources */ = {
			isa = PBXResourcesBuildPhase;
			buildActionMask = 2147483647;
			files = (
				E8F0C721217666410001AE60 /* LaunchScreen.storyboard in Resources */,
				E8F0C71E217666410001AE60 /* Assets.xcassets in Resources */,
				E8F0C71C2176663F0001AE60 /* Main.storyboard in Resources */,
			);
			runOnlyForDeploymentPostprocessing = 0;
		};
/* End PBXResourcesBuildPhase section */

/* Begin PBXShellScriptBuildPhase section */
		83AFFE6C7F9E65FF56515094 /* [CP] Check Pods Manifest.lock */ = {
			isa = PBXShellScriptBuildPhase;
			buildActionMask = 2147483647;
			files = (
			);
			inputFileListPaths = (
			);
			inputPaths = (
				"${PODS_PODFILE_DIR_PATH}/Podfile.lock",
				"${PODS_ROOT}/Manifest.lock",
			);
			name = "[CP] Check Pods Manifest.lock";
			outputFileListPaths = (
			);
			outputPaths = (
				"$(DERIVED_FILE_DIR)/Pods-MJWallet-checkManifestLockResult.txt",
			);
			runOnlyForDeploymentPostprocessing = 0;
			shellPath = /bin/sh;
			shellScript = "diff \"${PODS_PODFILE_DIR_PATH}/Podfile.lock\" \"${PODS_ROOT}/Manifest.lock\" > /dev/null\nif [ $? != 0 ] ; then\n    # print error to STDERR\n    echo \"error: The sandbox is not in sync with the Podfile.lock. Run 'pod install' or update your CocoaPods installation.\" >&2\n    exit 1\nfi\n# This output is used by Xcode 'outputs' to avoid re-running this script phase.\necho \"SUCCESS\" > \"${SCRIPT_OUTPUT_FILE_0}\"\n";
			showEnvVarsInLog = 0;
		};
		B8252FBBE02A60B1CB4864AE /* [CP] Embed Pods Frameworks */ = {
			isa = PBXShellScriptBuildPhase;
			buildActionMask = 2147483647;
			files = (
			);
			inputFileListPaths = (
			);
			inputPaths = (
				"${SRCROOT}/Pods/Target Support Files/Pods-MJWallet/Pods-MJWallet-frameworks.sh",
				"${BUILT_PRODUCTS_DIR}/BigInt/BigInt.framework",
				"${BUILT_PRODUCTS_DIR}/CryptoSwift/CryptoSwift.framework",
				"${BUILT_PRODUCTS_DIR}/PromiseKit/PromiseKit.framework",
				"${BUILT_PRODUCTS_DIR}/Result/Result.framework",
				"${BUILT_PRODUCTS_DIR}/SipHash/SipHash.framework",
				"${BUILT_PRODUCTS_DIR}/SwiftRLP/SwiftRLP.framework",
				"${BUILT_PRODUCTS_DIR}/scrypt/scrypt.framework",
				"${BUILT_PRODUCTS_DIR}/secp256k1_swift/secp256k1_swift.framework",
				"${BUILT_PRODUCTS_DIR}/web3swift/web3swift.framework",
			);
			name = "[CP] Embed Pods Frameworks";
			outputFileListPaths = (
			);
			outputPaths = (
				"${TARGET_BUILD_DIR}/${FRAMEWORKS_FOLDER_PATH}/BigInt.framework",
				"${TARGET_BUILD_DIR}/${FRAMEWORKS_FOLDER_PATH}/CryptoSwift.framework",
				"${TARGET_BUILD_DIR}/${FRAMEWORKS_FOLDER_PATH}/PromiseKit.framework",
				"${TARGET_BUILD_DIR}/${FRAMEWORKS_FOLDER_PATH}/Result.framework",
				"${TARGET_BUILD_DIR}/${FRAMEWORKS_FOLDER_PATH}/SipHash.framework",
				"${TARGET_BUILD_DIR}/${FRAMEWORKS_FOLDER_PATH}/SwiftRLP.framework",
				"${TARGET_BUILD_DIR}/${FRAMEWORKS_FOLDER_PATH}/scrypt.framework",
				"${TARGET_BUILD_DIR}/${FRAMEWORKS_FOLDER_PATH}/secp256k1_swift.framework",
				"${TARGET_BUILD_DIR}/${FRAMEWORKS_FOLDER_PATH}/web3swift.framework",
			);
			runOnlyForDeploymentPostprocessing = 0;
			shellPath = /bin/sh;
			shellScript = "\"${SRCROOT}/Pods/Target Support Files/Pods-MJWallet/Pods-MJWallet-frameworks.sh\"\n";
			showEnvVarsInLog = 0;
		};
/* End PBXShellScriptBuildPhase section */

/* Begin PBXSourcesBuildPhase section */
		E8F0C70F2176663F0001AE60 /* Sources */ = {
			isa = PBXSourcesBuildPhase;
			buildActionMask = 2147483647;
			files = (
				E8F0C72921769BCF0001AE60 /* Wallet.swift in Sources */,
				E8F0C7192176663F0001AE60 /* ViewController.swift in Sources */,
				E8F0C7172176663F0001AE60 /* AppDelegate.swift in Sources */,
			);
			runOnlyForDeploymentPostprocessing = 0;
		};
/* End PBXSourcesBuildPhase section */

/* Begin PBXVariantGroup section */
		E8F0C71A2176663F0001AE60 /* Main.storyboard */ = {
			isa = PBXVariantGroup;
			children = (
				E8F0C71B2176663F0001AE60 /* Base */,
			);
			name = Main.storyboard;
			sourceTree = "<group>";
		};
		E8F0C71F217666410001AE60 /* LaunchScreen.storyboard */ = {
			isa = PBXVariantGroup;
			children = (
				E8F0C720217666410001AE60 /* Base */,
			);
			name = LaunchScreen.storyboard;
			sourceTree = "<group>";
		};
/* End PBXVariantGroup section */

/* Begin XCBuildConfiguration section */
		E8F0C723217666410001AE60 /* Debug */ = {
			isa = XCBuildConfiguration;
			buildSettings = {
				ALWAYS_SEARCH_USER_PATHS = NO;
				CLANG_ANALYZER_NONNULL = YES;
				CLANG_ANALYZER_NUMBER_OBJECT_CONVERSION = YES_AGGRESSIVE;
				CLANG_CXX_LANGUAGE_STANDARD = "gnu++14";
				CLANG_CXX_LIBRARY = "libc++";
				CLANG_ENABLE_MODULES = YES;
				CLANG_ENABLE_OBJC_ARC = YES;
				CLANG_ENABLE_OBJC_WEAK = YES;
				CLANG_WARN_BLOCK_CAPTURE_AUTORELEASING = YES;
				CLANG_WARN_BOOL_CONVERSION = YES;
				CLANG_WARN_COMMA = YES;
				CLANG_WARN_CONSTANT_CONVERSION = YES;
				CLANG_WARN_DEPRECATED_OBJC_IMPLEMENTATIONS = YES;
				CLANG_WARN_DIRECT_OBJC_ISA_USAGE = YES_ERROR;
				CLANG_WARN_DOCUMENTATION_COMMENTS = YES;
				CLANG_WARN_EMPTY_BODY = YES;
				CLANG_WARN_ENUM_CONVERSION = YES;
				CLANG_WARN_INFINITE_RECURSION = YES;
				CLANG_WARN_INT_CONVERSION = YES;
				CLANG_WARN_NON_LITERAL_NULL_CONVERSION = YES;
				CLANG_WARN_OBJC_IMPLICIT_RETAIN_SELF = YES;
				CLANG_WARN_OBJC_LITERAL_CONVERSION = YES;
				CLANG_WARN_OBJC_ROOT_CLASS = YES_ERROR;
				CLANG_WARN_RANGE_LOOP_ANALYSIS = YES;
				CLANG_WARN_STRICT_PROTOTYPES = YES;
				CLANG_WARN_SUSPICIOUS_MOVE = YES;
				CLANG_WARN_UNGUARDED_AVAILABILITY = YES_AGGRESSIVE;
				CLANG_WARN_UNREACHABLE_CODE = YES;
				CLANG_WARN__DUPLICATE_METHOD_MATCH = YES;
				CODE_SIGN_IDENTITY = "iPhone Developer";
				COPY_PHASE_STRIP = NO;
				DEBUG_INFORMATION_FORMAT = dwarf;
				ENABLE_STRICT_OBJC_MSGSEND = YES;
				ENABLE_TESTABILITY = YES;
				GCC_C_LANGUAGE_STANDARD = gnu11;
				GCC_DYNAMIC_NO_PIC = NO;
				GCC_NO_COMMON_BLOCKS = YES;
				GCC_OPTIMIZATION_LEVEL = 0;
				GCC_PREPROCESSOR_DEFINITIONS = (
					"DEBUG=1",
					"$(inherited)",
				);
				GCC_WARN_64_TO_32_BIT_CONVERSION = YES;
				GCC_WARN_ABOUT_RETURN_TYPE = YES_ERROR;
				GCC_WARN_UNDECLARED_SELECTOR = YES;
				GCC_WARN_UNINITIALIZED_AUTOS = YES_AGGRESSIVE;
				GCC_WARN_UNUSED_FUNCTION = YES;
				GCC_WARN_UNUSED_VARIABLE = YES;
				IPHONEOS_DEPLOYMENT_TARGET = 12.0;
				MTL_ENABLE_DEBUG_INFO = INCLUDE_SOURCE;
				MTL_FAST_MATH = YES;
				ONLY_ACTIVE_ARCH = YES;
				SDKROOT = iphoneos;
				SWIFT_ACTIVE_COMPILATION_CONDITIONS = DEBUG;
				SWIFT_OPTIMIZATION_LEVEL = "-Onone";
			};
			name = Debug;
		};
		E8F0C724217666410001AE60 /* Release */ = {
			isa = XCBuildConfiguration;
			buildSettings = {
				ALWAYS_SEARCH_USER_PATHS = NO;
				CLANG_ANALYZER_NONNULL = YES;
				CLANG_ANALYZER_NUMBER_OBJECT_CONVERSION = YES_AGGRESSIVE;
				CLANG_CXX_LANGUAGE_STANDARD = "gnu++14";
				CLANG_CXX_LIBRARY = "libc++";
				CLANG_ENABLE_MODULES = YES;
				CLANG_ENABLE_OBJC_ARC = YES;
				CLANG_ENABLE_OBJC_WEAK = YES;
				CLANG_WARN_BLOCK_CAPTURE_AUTORELEASING = YES;
				CLANG_WARN_BOOL_CONVERSION = YES;
				CLANG_WARN_COMMA = YES;
				CLANG_WARN_CONSTANT_CONVERSION = YES;
				CLANG_WARN_DEPRECATED_OBJC_IMPLEMENTATIONS = YES;
				CLANG_WARN_DIRECT_OBJC_ISA_USAGE = YES_ERROR;
				CLANG_WARN_DOCUMENTATION_COMMENTS = YES;
				CLANG_WARN_EMPTY_BODY = YES;
				CLANG_WARN_ENUM_CONVERSION = YES;
				CLANG_WARN_INFINITE_RECURSION = YES;
				CLANG_WARN_INT_CONVERSION = YES;
				CLANG_WARN_NON_LITERAL_NULL_CONVERSION = YES;
				CLANG_WARN_OBJC_IMPLICIT_RETAIN_SELF = YES;
				CLANG_WARN_OBJC_LITERAL_CONVERSION = YES;
				CLANG_WARN_OBJC_ROOT_CLASS = YES_ERROR;
				CLANG_WARN_RANGE_LOOP_ANALYSIS = YES;
				CLANG_WARN_STRICT_PROTOTYPES = YES;
				CLANG_WARN_SUSPICIOUS_MOVE = YES;
				CLANG_WARN_UNGUARDED_AVAILABILITY = YES_AGGRESSIVE;
				CLANG_WARN_UNREACHABLE_CODE = YES;
				CLANG_WARN__DUPLICATE_METHOD_MATCH = YES;
				CODE_SIGN_IDENTITY = "iPhone Developer";
				COPY_PHASE_STRIP = NO;
				DEBUG_INFORMATION_FORMAT = "dwarf-with-dsym";
				ENABLE_NS_ASSERTIONS = NO;
				ENABLE_STRICT_OBJC_MSGSEND = YES;
				GCC_C_LANGUAGE_STANDARD = gnu11;
				GCC_NO_COMMON_BLOCKS = YES;
				GCC_WARN_64_TO_32_BIT_CONVERSION = YES;
				GCC_WARN_ABOUT_RETURN_TYPE = YES_ERROR;
				GCC_WARN_UNDECLARED_SELECTOR = YES;
				GCC_WARN_UNINITIALIZED_AUTOS = YES_AGGRESSIVE;
				GCC_WARN_UNUSED_FUNCTION = YES;
				GCC_WARN_UNUSED_VARIABLE = YES;
				IPHONEOS_DEPLOYMENT_TARGET = 12.0;
				MTL_ENABLE_DEBUG_INFO = NO;
				MTL_FAST_MATH = YES;
				SDKROOT = iphoneos;
				SWIFT_COMPILATION_MODE = wholemodule;
				SWIFT_OPTIMIZATION_LEVEL = "-O";
				VALIDATE_PRODUCT = YES;
			};
			name = Release;
		};
		E8F0C726217666410001AE60 /* Debug */ = {
			isa = XCBuildConfiguration;
			baseConfigurationReference = 1DBCD70DF84AFC559111C66C /* Pods-MJWallet.debug.xcconfig */;
			buildSettings = {
				ASSETCATALOG_COMPILER_APPICON_NAME = AppIcon;
				CODE_SIGN_STYLE = Automatic;
				DEVELOPMENT_TEAM = F684H454M9;
				INFOPLIST_FILE = MJWallet/Info.plist;
				LD_RUNPATH_SEARCH_PATHS = (
					"$(inherited)",
					"@executable_path/Frameworks",
				);
				PRODUCT_BUNDLE_IDENTIFIER = PUCPR.MJWallet;
				PRODUCT_NAME = "$(TARGET_NAME)";
				SWIFT_VERSION = 4.2;
				TARGETED_DEVICE_FAMILY = "1,2";
			};
			name = Debug;
		};
		E8F0C727217666410001AE60 /* Release */ = {
			isa = XCBuildConfiguration;
			baseConfigurationReference = 00586D6EF016C8DD002607F2 /* Pods-MJWallet.release.xcconfig */;
			buildSettings = {
				ASSETCATALOG_COMPILER_APPICON_NAME = AppIcon;
				CODE_SIGN_STYLE = Automatic;
				DEVELOPMENT_TEAM = F684H454M9;
				INFOPLIST_FILE = MJWallet/Info.plist;
				LD_RUNPATH_SEARCH_PATHS = (
					"$(inherited)",
					"@executable_path/Frameworks",
				);
				PRODUCT_BUNDLE_IDENTIFIER = PUCPR.MJWallet;
				PRODUCT_NAME = "$(TARGET_NAME)";
				SWIFT_VERSION = 4.2;
				TARGETED_DEVICE_FAMILY = "1,2";
			};
			name = Release;
		};
/* End XCBuildConfiguration section */

/* Begin XCConfigurationList section */
		E8F0C70E2176663F0001AE60 /* Build configuration list for PBXProject "MJWallet" */ = {
			isa = XCConfigurationList;
			buildConfigurations = (
				E8F0C723217666410001AE60 /* Debug */,
				E8F0C724217666410001AE60 /* Release */,
			);
			defaultConfigurationIsVisible = 0;
			defaultConfigurationName = Release;
		};
		E8F0C725217666410001AE60 /* Build configuration list for PBXNativeTarget "MJWallet" */ = {
			isa = XCConfigurationList;
			buildConfigurations = (
				E8F0C726217666410001AE60 /* Debug */,
				E8F0C727217666410001AE60 /* Release */,
			);
			defaultConfigurationIsVisible = 0;
			defaultConfigurationName = Release;
		};
/* End XCConfigurationList section */
	};
	rootObject = E8F0C70B2176663F0001AE60 /* Project object */;
}
